
Microsoft Visual Studio Solution File, Format Version 12.00
# Visual Studio 15
VisualStudioVersion = 15.0.27703.2047
MinimumVisualStudioVersion = 10.0.40219.1
Project("{FAE04EC0-301F-11D3-BF4B-00C04F79EFBC}") = "C Sharp Training", "C Sharp Training\C Sharp Training.csproj", "{7B3D8E18-BB65-455D-99CC-A5E1AAD630AA}"
EndProject
Global
	GlobalSection(SolutionConfigurationPlatforms) = preSolution
		Debug|Any CPU = Debug|Any CPU
		Release|Any CPU = Release|Any CPU
	EndGlobalSection
	GlobalSection(ProjectConfigurationPlatforms) = postSolution
		{7B3D8E18-BB65-455D-99CC-A5E1AAD630AA}.Debug|Any CPU.ActiveCfg = Debug|Any CPU
		{7B3D8E18-BB65-455D-99CC-A5E1AAD630AA}.Debug|Any CPU.Build.0 = Debug|Any CPU
		{7B3D8E18-BB65-455D-99CC-A5E1AAD630AA}.Release|Any CPU.ActiveCfg = Release|Any CPU
		{7B3D8E18-BB65-455D-99CC-A5E1AAD630AA}.Release|Any CPU.Build.0 = Release|Any CPU
	EndGlobalSection
	GlobalSection(SolutionProperties) = preSolution
		HideSolutionNode = FALSE
	EndGlobalSection
	GlobalSection(ExtensibilityGlobals) = postSolution
		SolutionGuid = {B6B3366B-36EF-48CE-AB02-1D505E23B18F}
	EndGlobalSection
EndGlobal
